
Microsoft Visual Studio Solution File, Format Version 12.00
# Visual Studio Version 16
VisualStudioVersion = 16.0.30413.136
MinimumVisualStudioVersion = 10.0.40219.1
Project("{FAE04EC0-301F-11D3-BF4B-00C04F79EFBC}") = "xmlExerciseWriter", "xmlExerciseWriter\xmlExerciseWriter.csproj", "{387DC6B8-F3B8-497B-A9DE-B9BC775501B6}"
EndProject
Global
	GlobalSection(SolutionConfigurationPlatforms) = preSolution
		Debug|Any CPU = Debug|Any CPU
		Release|Any CPU = Release|Any CPU
	EndGlobalSection
	GlobalSection(ProjectConfigurationPlatforms) = postSolution
		{387DC6B8-F3B8-497B-A9DE-B9BC775501B6}.Debug|Any CPU.ActiveCfg = Debug|Any CPU
		{387DC6B8-F3B8-497B-A9DE-B9BC775501B6}.Debug|Any CPU.Build.0 = Debug|Any CPU
		{387DC6B8-F3B8-497B-A9DE-B9BC775501B6}.Release|Any CPU.ActiveCfg = Release|Any CPU
		{387DC6B8-F3B8-497B-A9DE-B9BC775501B6}.Release|Any CPU.Build.0 = Release|Any CPU
	EndGlobalSection
	GlobalSection(SolutionProperties) = preSolution
		HideSolutionNode = FALSE
	EndGlobalSection
	GlobalSection(ExtensibilityGlobals) = postSolution
		SolutionGuid = {9E1CC4E7-E4A3-46B1-8686-3AB7854ACA10}
	EndGlobalSection
EndGlobal
